
Microsoft Visual Studio Solution File, Format Version 12.00
# Visual Studio 15
VisualStudioVersion = 15.0.26730.12
MinimumVisualStudioVersion = 10.0.40219.1
Project("{FAE04EC0-301F-11D3-BF4B-00C04F79EFBC}") = "DiskBot", "DiskBot\DiskBot.csproj", "{8CB0B1B3-F601-4A0B-B9B7-CC12C90401A4}"
EndProject
Global
	GlobalSection(SolutionConfigurationPlatforms) = preSolution
		Debug|Any CPU = Debug|Any CPU
		Release|Any CPU = Release|Any CPU
	EndGlobalSection
	GlobalSection(ProjectConfigurationPlatforms) = postSolution
		{8CB0B1B3-F601-4A0B-B9B7-CC12C90401A4}.Debug|Any CPU.ActiveCfg = Debug|Any CPU
		{8CB0B1B3-F601-4A0B-B9B7-CC12C90401A4}.Debug|Any CPU.Build.0 = Debug|Any CPU
		{8CB0B1B3-F601-4A0B-B9B7-CC12C90401A4}.Release|Any CPU.ActiveCfg = Release|Any CPU
		{8CB0B1B3-F601-4A0B-B9B7-CC12C90401A4}.Release|Any CPU.Build.0 = Release|Any CPU
	EndGlobalSection
	GlobalSection(SolutionProperties) = preSolution
		HideSolutionNode = FALSE
	EndGlobalSection
	GlobalSection(ExtensibilityGlobals) = postSolution
		SolutionGuid = {6F92ED2C-0FDF-4F72-BDE9-E6E0150B0051}
	EndGlobalSection
EndGlobal
